
Microsoft Visual Studio Solution File, Format Version 12.00
# Visual Studio Version 16
VisualStudioVersion = 16.0.30114.105
MinimumVisualStudioVersion = 10.0.40219.1
Project("{FAE04EC0-301F-11D3-BF4B-00C04F79EFBC}") = "ProEventos.Application", "ProEventos.Application\ProEventos.Application.csproj", "{6236A48B-1348-47DF-BCCC-74790EFEFDAD}"
EndProject
Project("{FAE04EC0-301F-11D3-BF4B-00C04F79EFBC}") = "ProEventos.Domain", "ProEventos.Domain\ProEventos.Domain.csproj", "{C9F0E4B0-B6C2-4EE8-8278-5CE8CC026E77}"
EndProject
Project("{FAE04EC0-301F-11D3-BF4B-00C04F79EFBC}") = "ProEventos.Persistence", "ProEventos.Persistence\ProEventos.Persistence.csproj", "{33E4DD7F-011C-496D-9687-67F32A30B782}"
EndProject
Global
	GlobalSection(SolutionConfigurationPlatforms) = preSolution
		Debug|Any CPU = Debug|Any CPU
		Debug|x64 = Debug|x64
		Debug|x86 = Debug|x86
		Release|Any CPU = Release|Any CPU
		Release|x64 = Release|x64
		Release|x86 = Release|x86
	EndGlobalSection
	GlobalSection(SolutionProperties) = preSolution
		HideSolutionNode = FALSE
	EndGlobalSection
	GlobalSection(ProjectConfigurationPlatforms) = postSolution
		{6236A48B-1348-47DF-BCCC-74790EFEFDAD}.Debug|Any CPU.ActiveCfg = Debug|Any CPU
		{6236A48B-1348-47DF-BCCC-74790EFEFDAD}.Debug|Any CPU.Build.0 = Debug|Any CPU
		{6236A48B-1348-47DF-BCCC-74790EFEFDAD}.Debug|x64.ActiveCfg = Debug|Any CPU
		{6236A48B-1348-47DF-BCCC-74790EFEFDAD}.Debug|x64.Build.0 = Debug|Any CPU
		{6236A48B-1348-47DF-BCCC-74790EFEFDAD}.Debug|x86.ActiveCfg = Debug|Any CPU
		{6236A48B-1348-47DF-BCCC-74790EFEFDAD}.Debug|x86.Build.0 = Debug|Any CPU
		{6236A48B-1348-47DF-BCCC-74790EFEFDAD}.Release|Any CPU.ActiveCfg = Release|Any CPU
		{6236A48B-1348-47DF-BCCC-74790EFEFDAD}.Release|Any CPU.Build.0 = Release|Any CPU
		{6236A48B-1348-47DF-BCCC-74790EFEFDAD}.Release|x64.ActiveCfg = Release|Any CPU
		{6236A48B-1348-47DF-BCCC-74790EFEFDAD}.Release|x64.Build.0 = Release|Any CPU
		{6236A48B-1348-47DF-BCCC-74790EFEFDAD}.Release|x86.ActiveCfg = Release|Any CPU
		{6236A48B-1348-47DF-BCCC-74790EFEFDAD}.Release|x86.Build.0 = Release|Any CPU
		{C9F0E4B0-B6C2-4EE8-8278-5CE8CC026E77}.Debug|Any CPU.ActiveCfg = Debug|Any CPU
		{C9F0E4B0-B6C2-4EE8-8278-5CE8CC026E77}.Debug|Any CPU.Build.0 = Debug|Any CPU
		{C9F0E4B0-B6C2-4EE8-8278-5CE8CC026E77}.Debug|x64.ActiveCfg = Debug|Any CPU
		{C9F0E4B0-B6C2-4EE8-8278-5CE8CC026E77}.Debug|x64.Build.0 = Debug|Any CPU
		{C9F0E4B0-B6C2-4EE8-8278-5CE8CC026E77}.Debug|x86.ActiveCfg = Debug|Any CPU
		{C9F0E4B0-B6C2-4EE8-8278-5CE8CC026E77}.Debug|x86.Build.0 = Debug|Any CPU
		{C9F0E4B0-B6C2-4EE8-8278-5CE8CC026E77}.Release|Any CPU.ActiveCfg = Release|Any CPU
		{C9F0E4B0-B6C2-4EE8-8278-5CE8CC026E77}.Release|Any CPU.Build.0 = Release|Any CPU
		{C9F0E4B0-B6C2-4EE8-8278-5CE8CC026E77}.Release|x64.ActiveCfg = Release|Any CPU
		{C9F0E4B0-B6C2-4EE8-8278-5CE8CC026E77}.Release|x64.Build.0 = Release|Any CPU
		{C9F0E4B0-B6C2-4EE8-8278-5CE8CC026E77}.Release|x86.ActiveCfg = Release|Any CPU
		{C9F0E4B0-B6C2-4EE8-8278-5CE8CC026E77}.Release|x86.Build.0 = Release|Any CPU
		{33E4DD7F-011C-496D-9687-67F32A30B782}.Debug|Any CPU.ActiveCfg = Debug|Any CPU
		{33E4DD7F-011C-496D-9687-67F32A30B782}.Debug|Any CPU.Build.0 = Debug|Any CPU
		{33E4DD7F-011C-496D-9687-67F32A30B782}.Debug|x64.ActiveCfg = Debug|Any CPU
		{33E4DD7F-011C-496D-9687-67F32A30B782}.Debug|x64.Build.0 = Debug|Any CPU
		{33E4DD7F-011C-496D-9687-67F32A30B782}.Debug|x86.ActiveCfg = Debug|Any CPU
		{33E4DD7F-011C-496D-9687-67F32A30B782}.Debug|x86.Build.0 = Debug|Any CPU
		{33E4DD7F-011C-496D-9687-67F32A30B782}.Release|Any CPU.ActiveCfg = Release|Any CPU
		{33E4DD7F-011C-496D-9687-67F32A30B782}.Release|Any CPU.Build.0 = Release|Any CPU
		{33E4DD7F-011C-496D-9687-67F32A30B782}.Release|x64.ActiveCfg = Release|Any CPU
		{33E4DD7F-011C-496D-9687-67F32A30B782}.Release|x64.Build.0 = Release|Any CPU
		{33E4DD7F-011C-496D-9687-67F32A30B782}.Release|x86.ActiveCfg = Release|Any CPU
		{33E4DD7F-011C-496D-9687-67F32A30B782}.Release|x86.Build.0 = Release|Any CPU
	EndGlobalSection
EndGlobal
